# This file is automatically @generated by Cargo.
# It is not intended for manual editing.
version = 4

[[package]]
name = "safebrowse"
version = "0.1.0"
dependencies = [
 "safebrowse-common",
 "safenet",
]

[[package]]
name = "safebrowse-common"
version = "0.1.0"

[[package]]
name = "safenet"
version = "0.1.0"
dependencies = [
 "safebrowse-common",
]
